// !$*UTF8*$!
{
	archiveVersion = 1;
	classes = {
	};
	objectVersion = 77;
	objects = {

/* Begin PBXBuildFile section */
		428A6A162D6CD32F007C69C0 /* StoreKit.framework in Frameworks */ = {isa = PBXBuildFile; fileRef = 428A6A152D6CD32F007C69C0 /* StoreKit.framework */; };
		42A3ADDC2D68EEB600F4B35D /* AdSupport.framework in Frameworks */ = {isa = PBXBuildFile; fileRef = 42A3ADDB2D68EEB600F4B35D /* AdSupport.framework */; };
		42A3ADDE2D68F38100F4B35D /* GoogleService-Info.plist in Resources */ = {isa = PBXBuildFile; fileRef = 42A3ADDD2D68F38100F4B35D /* GoogleService-Info.plist */; };
		42A3ADDF2D68F3C300F4B35D /* GoogleService-Info.plist in Resources */ = {isa = PBXBuildFile; fileRef = 42A3ADDD2D68F38100F4B35D /* GoogleService-Info.plist */; };
		42A3ADE02D68F3C300F4B35D /* GoogleService-Info.plist in Resources */ = {isa = PBXBuildFile; fileRef = 42A3ADDD2D68F38100F4B35D /* GoogleService-Info.plist */; };
		42A3ADE12D68F3C300F4B35D /* GoogleService-Info.plist in Resources */ = {isa = PBXBuildFile; fileRef = 42A3ADDD2D68F38100F4B35D /* GoogleService-Info.plist */; };
		42A3ADE22D68F3C300F4B35D /* GoogleService-Info.plist in Resources */ = {isa = PBXBuildFile; fileRef = 42A3ADDD2D68F38100F4B35D /* GoogleService-Info.plist */; };
		42A3ADE32D68F3C300F4B35D /* GoogleService-Info.plist in Resources */ = {isa = PBXBuildFile; fileRef = 42A3ADDD2D68F38100F4B35D /* GoogleService-Info.plist */; };
		42A3ADE62D68F4A900F4B35D /* FirebaseAnalytics in Frameworks */ = {isa = PBXBuildFile; productRef = 42A3ADE52D68F4A900F4B35D /* FirebaseAnalytics */; };
		42D794062D66AABD00BF615F /* Renfrewshire Bin Schedule on a wrist Watch App.app in Embed Watch Content */ = {isa = PBXBuildFile; fileRef = 42D793E32D66AABC00BF615F /* Renfrewshire Bin Schedule on a wrist Watch App.app */; settings = {ATTRIBUTES = (RemoveHeadersOnCopy, ); }; };
/* End PBXBuildFile section */

/* Begin PBXContainerItemProxy section */
		423BE5BF2D63A07A0029E193 /* PBXContainerItemProxy */ = {
			isa = PBXContainerItemProxy;
			containerPortal = 423BE5A42D63A0780029E193 /* Project object */;
			proxyType = 1;
			remoteGlobalIDString = 423BE5AB2D63A0780029E193;
			remoteInfo = "Renfrewshire Bin Schedule";
		};
		423BE5C92D63A07A0029E193 /* PBXContainerItemProxy */ = {
			isa = PBXContainerItemProxy;
			containerPortal = 423BE5A42D63A0780029E193 /* Project object */;
			proxyType = 1;
			remoteGlobalIDString = 423BE5AB2D63A0780029E193;
			remoteInfo = "Renfrewshire Bin Schedule";
		};
		42D793F32D66AABD00BF615F /* PBXContainerItemProxy */ = {
			isa = PBXContainerItemProxy;
			containerPortal = 423BE5A42D63A0780029E193 /* Project object */;
			proxyType = 1;
			remoteGlobalIDString = 42D793E22D66AABC00BF615F;
			remoteInfo = "Renfrewshire Bin Schedule on a wrist Watch App";
		};
		42D793FD2D66AABD00BF615F /* PBXContainerItemProxy */ = {
			isa = PBXContainerItemProxy;
			containerPortal = 423BE5A42D63A0780029E193 /* Project object */;
			proxyType = 1;
			remoteGlobalIDString = 42D793E22D66AABC00BF615F;
			remoteInfo = "Renfrewshire Bin Schedule on a wrist Watch App";
		};
		42D794042D66AABD00BF615F /* PBXContainerItemProxy */ = {
			isa = PBXContainerItemProxy;
			containerPortal = 423BE5A42D63A0780029E193 /* Project object */;
			proxyType = 1;
			remoteGlobalIDString = 42D793E22D66AABC00BF615F;
			remoteInfo = "Renfrewshire Bin Schedule on a wrist Watch App";
		};
/* End PBXContainerItemProxy section */

/* Begin PBXCopyFilesBuildPhase section */
		42D7940A2D66AABD00BF615F /* Embed Watch Content */ = {
			isa = PBXCopyFilesBuildPhase;
			buildActionMask = 2147483647;
			dstPath = "$(CONTENTS_FOLDER_PATH)/Watch";
			dstSubfolderSpec = 16;
			files = (
				42D794062D66AABD00BF615F /* Renfrewshire Bin Schedule on a wrist Watch App.app in Embed Watch Content */,
			);
			name = "Embed Watch Content";
			runOnlyForDeploymentPostprocessing = 0;
		};
/* End PBXCopyFilesBuildPhase section */

/* Begin PBXFileReference section */
		423BE5AC2D63A0780029E193 /* Renfrewshire Bin Schedule.app */ = {isa = PBXFileReference; explicitFileType = wrapper.application; includeInIndex = 0; path = "Renfrewshire Bin Schedule.app"; sourceTree = BUILT_PRODUCTS_DIR; };
		423BE5BE2D63A07A0029E193 /* Renfrewshire Bin ScheduleTests.xctest */ = {isa = PBXFileReference; explicitFileType = wrapper.cfbundle; includeInIndex = 0; path = "Renfrewshire Bin ScheduleTests.xctest"; sourceTree = BUILT_PRODUCTS_DIR; };
		423BE5C82D63A07A0029E193 /* Renfrewshire Bin ScheduleUITests.xctest */ = {isa = PBXFileReference; explicitFileType = wrapper.cfbundle; includeInIndex = 0; path = "Renfrewshire Bin ScheduleUITests.xctest"; sourceTree = BUILT_PRODUCTS_DIR; };
		428A6A152D6CD32F007C69C0 /* StoreKit.framework */ = {isa = PBXFileReference; lastKnownFileType = wrapper.framework; name = StoreKit.framework; path = System/Library/Frameworks/StoreKit.framework; sourceTree = SDKROOT; };
		42A3ADDB2D68EEB600F4B35D /* AdSupport.framework */ = {isa = PBXFileReference; lastKnownFileType = wrapper.framework; name = AdSupport.framework; path = System/Library/Frameworks/AdSupport.framework; sourceTree = SDKROOT; };
		42A3ADDD2D68F38100F4B35D /* GoogleService-Info.plist */ = {isa = PBXFileReference; lastKnownFileType = text.plist.xml; path = "GoogleService-Info.plist"; sourceTree = "<group>"; };
		42D793E32D66AABC00BF615F /* Renfrewshire Bin Schedule on a wrist Watch App.app */ = {isa = PBXFileReference; explicitFileType = wrapper.application; includeInIndex = 0; path = "Renfrewshire Bin Schedule on a wrist Watch App.app"; sourceTree = BUILT_PRODUCTS_DIR; };
		42D793F22D66AABD00BF615F /* Renfrewshire Bin Schedule on a wrist Watch AppTests.xctest */ = {isa = PBXFileReference; explicitFileType = wrapper.cfbundle; includeInIndex = 0; path = "Renfrewshire Bin Schedule on a wrist Watch AppTests.xctest"; sourceTree = BUILT_PRODUCTS_DIR; };
		42D793FC2D66AABD00BF615F /* Renfrewshire Bin Schedule on a wrist Watch AppUITests.xctest */ = {isa = PBXFileReference; explicitFileType = wrapper.cfbundle; includeInIndex = 0; path = "Renfrewshire Bin Schedule on a wrist Watch AppUITests.xctest"; sourceTree = BUILT_PRODUCTS_DIR; };
/* End PBXFileReference section */

/* Begin PBXFileSystemSynchronizedRootGroup section */
		423BE5AE2D63A0780029E193 /* Renfrewshire Bin Schedule */ = {
			isa = PBXFileSystemSynchronizedRootGroup;
			path = "Renfrewshire Bin Schedule";
			sourceTree = "<group>";
		};
		423BE5C12D63A07A0029E193 /* Renfrewshire Bin ScheduleTests */ = {
			isa = PBXFileSystemSynchronizedRootGroup;
			path = "Renfrewshire Bin ScheduleTests";
			sourceTree = "<group>";
		};
		423BE5CB2D63A07A0029E193 /* Renfrewshire Bin ScheduleUITests */ = {
			isa = PBXFileSystemSynchronizedRootGroup;
			path = "Renfrewshire Bin ScheduleUITests";
			sourceTree = "<group>";
		};
		42D793E42D66AABC00BF615F /* Renfrewshire Bin Schedule on a wrist Watch App */ = {
			isa = PBXFileSystemSynchronizedRootGroup;
			path = "Renfrewshire Bin Schedule on a wrist Watch App";
			sourceTree = "<group>";
		};
		42D793F52D66AABD00BF615F /* Renfrewshire Bin Schedule on a wrist Watch AppTests */ = {
			isa = PBXFileSystemSynchronizedRootGroup;
			path = "Renfrewshire Bin Schedule on a wrist Watch AppTests";
			sourceTree = "<group>";
		};
		42D793FF2D66AABD00BF615F /* Renfrewshire Bin Schedule on a wrist Watch AppUITests */ = {
			isa = PBXFileSystemSynchronizedRootGroup;
			path = "Renfrewshire Bin Schedule on a wrist Watch AppUITests";
			sourceTree = "<group>";
		};
		42D794222D66FF9E00BF615F /* Shared */ = {
			isa = PBXFileSystemSynchronizedRootGroup;
			path = Shared;
			sourceTree = "<group>";
		};
/* End PBXFileSystemSynchronizedRootGroup section */

/* Begin PBXFrameworksBuildPhase section */
		423BE5A92D63A0780029E193 /* Frameworks */ = {
			isa = PBXFrameworksBuildPhase;
			buildActionMask = 2147483647;
			files = (
				428A6A162D6CD32F007C69C0 /* StoreKit.framework in Frameworks */,
				42A3ADE62D68F4A900F4B35D /* FirebaseAnalytics in Frameworks */,
				42A3ADDC2D68EEB600F4B35D /* AdSupport.framework in Frameworks */,
			);
			runOnlyForDeploymentPostprocessing = 0;
		};
		423BE5BB2D63A07A0029E193 /* Frameworks */ = {
			isa = PBXFrameworksBuildPhase;
			buildActionMask = 2147483647;
			files = (
			);
			runOnlyForDeploymentPostprocessing = 0;
		};
		423BE5C52D63A07A0029E193 /* Frameworks */ = {
			isa = PBXFrameworksBuildPhase;
			buildActionMask = 2147483647;
			files = (
			);
			runOnlyForDeploymentPostprocessing = 0;
		};
		42D793E02D66AABC00BF615F /* Frameworks */ = {
			isa = PBXFrameworksBuildPhase;
			buildActionMask = 2147483647;
			files = (
			);
			runOnlyForDeploymentPostprocessing = 0;
		};
		42D793EF2D66AABD00BF615F /* Frameworks */ = {
			isa = PBXFrameworksBuildPhase;
			buildActionMask = 2147483647;
			files = (
			);
			runOnlyForDeploymentPostprocessing = 0;
		};
		42D793F92D66AABD00BF615F /* Frameworks */ = {
			isa = PBXFrameworksBuildPhase;
			buildActionMask = 2147483647;
			files = (
			);
			runOnlyForDeploymentPostprocessing = 0;
		};
/* End PBXFrameworksBuildPhase section */

/* Begin PBXGroup section */
		423BE5A32D63A0780029E193 = {
			isa = PBXGroup;
			children = (
				42A3ADDD2D68F38100F4B35D /* GoogleService-Info.plist */,
				42D794222D66FF9E00BF615F /* Shared */,
				423BE5AE2D63A0780029E193 /* Renfrewshire Bin Schedule */,
				423BE5C12D63A07A0029E193 /* Renfrewshire Bin ScheduleTests */,
				423BE5CB2D63A07A0029E193 /* Renfrewshire Bin ScheduleUITests */,
				42D793E42D66AABC00BF615F /* Renfrewshire Bin Schedule on a wrist Watch App */,
				42D793F52D66AABD00BF615F /* Renfrewshire Bin Schedule on a wrist Watch AppTests */,
				42D793FF2D66AABD00BF615F /* Renfrewshire Bin Schedule on a wrist Watch AppUITests */,
				42A3ADDA2D68EEB600F4B35D /* Frameworks */,
				423BE5AD2D63A0780029E193 /* Products */,
			);
			sourceTree = "<group>";
		};
		423BE5AD2D63A0780029E193 /* Products */ = {
			isa = PBXGroup;
			children = (
				423BE5AC2D63A0780029E193 /* Renfrewshire Bin Schedule.app */,
				423BE5BE2D63A07A0029E193 /* Renfrewshire Bin ScheduleTests.xctest */,
				423BE5C82D63A07A0029E193 /* Renfrewshire Bin ScheduleUITests.xctest */,
				42D793E32D66AABC00BF615F /* Renfrewshire Bin Schedule on a wrist Watch App.app */,
				42D793F22D66AABD00BF615F /* Renfrewshire Bin Schedule on a wrist Watch AppTests.xctest */,
				42D793FC2D66AABD00BF615F /* Renfrewshire Bin Schedule on a wrist Watch AppUITests.xctest */,
			);
			name = Products;
			sourceTree = "<group>";
		};
		42A3ADDA2D68EEB600F4B35D /* Frameworks */ = {
			isa = PBXGroup;
			children = (
				428A6A152D6CD32F007C69C0 /* StoreKit.framework */,
				42A3ADDB2D68EEB600F4B35D /* AdSupport.framework */,
			);
			name = Frameworks;
			sourceTree = "<group>";
		};
/* End PBXGroup section */

/* Begin PBXNativeTarget section */
		423BE5AB2D63A0780029E193 /* Renfrewshire Bin Schedule */ = {
			isa = PBXNativeTarget;
			buildConfigurationList = 423BE5D22D63A07A0029E193 /* Build configuration list for PBXNativeTarget "Renfrewshire Bin Schedule" */;
			buildPhases = (
				423BE5A82D63A0780029E193 /* Sources */,
				423BE5A92D63A0780029E193 /* Frameworks */,
				423BE5AA2D63A0780029E193 /* Resources */,
				42D7940A2D66AABD00BF615F /* Embed Watch Content */,
			);
			buildRules = (
			);
			dependencies = (
				42D794052D66AABD00BF615F /* PBXTargetDependency */,
			);
			fileSystemSynchronizedGroups = (
				423BE5AE2D63A0780029E193 /* Renfrewshire Bin Schedule */,
				42D794222D66FF9E00BF615F /* Shared */,
			);
			name = "Renfrewshire Bin Schedule";
			packageProductDependencies = (
				42A3ADE52D68F4A900F4B35D /* FirebaseAnalytics */,
			);
			productName = "Renfrewshire Bin Schedule";
			productReference = 423BE5AC2D63A0780029E193 /* Renfrewshire Bin Schedule.app */;
			productType = "com.apple.product-type.application";
		};
		423BE5BD2D63A07A0029E193 /* Renfrewshire Bin ScheduleTests */ = {
			isa = PBXNativeTarget;
			buildConfigurationList = 423BE5D52D63A07A0029E193 /* Build configuration list for PBXNativeTarget "Renfrewshire Bin ScheduleTests" */;
			buildPhases = (
				423BE5BA2D63A07A0029E193 /* Sources */,
				423BE5BB2D63A07A0029E193 /* Frameworks */,
				423BE5BC2D63A07A0029E193 /* Resources */,
			);
			buildRules = (
			);
			dependencies = (
				423BE5C02D63A07A0029E193 /* PBXTargetDependency */,
			);
			fileSystemSynchronizedGroups = (
				423BE5C12D63A07A0029E193 /* Renfrewshire Bin ScheduleTests */,
			);
			name = "Renfrewshire Bin ScheduleTests";
			packageProductDependencies = (
			);
			productName = "Renfrewshire Bin ScheduleTests";
			productReference = 423BE5BE2D63A07A0029E193 /* Renfrewshire Bin ScheduleTests.xctest */;
			productType = "com.apple.product-type.bundle.unit-test";
		};
		423BE5C72D63A07A0029E193 /* Renfrewshire Bin ScheduleUITests */ = {
			isa = PBXNativeTarget;
			buildConfigurationList = 423BE5D82D63A07A0029E193 /* Build configuration list for PBXNativeTarget "Renfrewshire Bin ScheduleUITests" */;
			buildPhases = (
				423BE5C42D63A07A0029E193 /* Sources */,
				423BE5C52D63A07A0029E193 /* Frameworks */,
				423BE5C62D63A07A0029E193 /* Resources */,
			);
			buildRules = (
			);
			dependencies = (
				423BE5CA2D63A07A0029E193 /* PBXTargetDependency */,
			);
			fileSystemSynchronizedGroups = (
				423BE5CB2D63A07A0029E193 /* Renfrewshire Bin ScheduleUITests */,
			);
			name = "Renfrewshire Bin ScheduleUITests";
			packageProductDependencies = (
			);
			productName = "Renfrewshire Bin ScheduleUITests";
			productReference = 423BE5C82D63A07A0029E193 /* Renfrewshire Bin ScheduleUITests.xctest */;
			productType = "com.apple.product-type.bundle.ui-testing";
		};
		42D793E22D66AABC00BF615F /* Renfrewshire Bin Schedule on a wrist Watch App */ = {
			isa = PBXNativeTarget;
			buildConfigurationList = 42D794072D66AABD00BF615F /* Build configuration list for PBXNativeTarget "Renfrewshire Bin Schedule on a wrist Watch App" */;
			buildPhases = (
				42D793DF2D66AABC00BF615F /* Sources */,
				42D793E02D66AABC00BF615F /* Frameworks */,
				42D793E12D66AABC00BF615F /* Resources */,
			);
			buildRules = (
			);
			dependencies = (
			);
			fileSystemSynchronizedGroups = (
				42D793E42D66AABC00BF615F /* Renfrewshire Bin Schedule on a wrist Watch App */,
				42D794222D66FF9E00BF615F /* Shared */,
			);
			name = "Renfrewshire Bin Schedule on a wrist Watch App";
			packageProductDependencies = (
			);
			productName = "Renfrewshire Bin Schedule on a wrist Watch App";
			productReference = 42D793E32D66AABC00BF615F /* Renfrewshire Bin Schedule on a wrist Watch App.app */;
			productType = "com.apple.product-type.application";
		};
		42D793F12D66AABD00BF615F /* Renfrewshire Bin Schedule on a wrist Watch AppTests */ = {
			isa = PBXNativeTarget;
			buildConfigurationList = 42D7940B2D66AABD00BF615F /* Build configuration list for PBXNativeTarget "Renfrewshire Bin Schedule on a wrist Watch AppTests" */;
			buildPhases = (
				42D793EE2D66AABD00BF615F /* Sources */,
				42D793EF2D66AABD00BF615F /* Frameworks */,
				42D793F02D66AABD00BF615F /* Resources */,
			);
			buildRules = (
			);
			dependencies = (
				42D793F42D66AABD00BF615F /* PBXTargetDependency */,
			);
			fileSystemSynchronizedGroups = (
				42D793F52D66AABD00BF615F /* Renfrewshire Bin Schedule on a wrist Watch AppTests */,
			);
			name = "Renfrewshire Bin Schedule on a wrist Watch AppTests";
			packageProductDependencies = (
			);
			productName = "Renfrewshire Bin Schedule on a wrist Watch AppTests";
			productReference = 42D793F22D66AABD00BF615F /* Renfrewshire Bin Schedule on a wrist Watch AppTests.xctest */;
			productType = "com.apple.product-type.bundle.unit-test";
		};
		42D793FB2D66AABD00BF615F /* Renfrewshire Bin Schedule on a wrist Watch AppUITests */ = {
			isa = PBXNativeTarget;
			buildConfigurationList = 42D7940E2D66AABD00BF615F /* Build configuration list for PBXNativeTarget "Renfrewshire Bin Schedule on a wrist Watch AppUITests" */;
			buildPhases = (
				42D793F82D66AABD00BF615F /* Sources */,
				42D793F92D66AABD00BF615F /* Frameworks */,
				42D793FA2D66AABD00BF615F /* Resources */,
			);
			buildRules = (
			);
			dependencies = (
				42D793FE2D66AABD00BF615F /* PBXTargetDependency */,
			);
			fileSystemSynchronizedGroups = (
				42D793FF2D66AABD00BF615F /* Renfrewshire Bin Schedule on a wrist Watch AppUITests */,
			);
			name = "Renfrewshire Bin Schedule on a wrist Watch AppUITests";
			packageProductDependencies = (
			);
			productName = "Renfrewshire Bin Schedule on a wrist Watch AppUITests";
			productReference = 42D793FC2D66AABD00BF615F /* Renfrewshire Bin Schedule on a wrist Watch AppUITests.xctest */;
			productType = "com.apple.product-type.bundle.ui-testing";
		};
/* End PBXNativeTarget section */

/* Begin PBXProject section */
		423BE5A42D63A0780029E193 /* Project object */ = {
			isa = PBXProject;
			attributes = {
				BuildIndependentTargetsInParallel = 1;
				LastSwiftUpdateCheck = 1610;
				LastUpgradeCheck = 1610;
				TargetAttributes = {
					423BE5AB2D63A0780029E193 = {
						CreatedOnToolsVersion = 16.1;
					};
					423BE5BD2D63A07A0029E193 = {
						CreatedOnToolsVersion = 16.1;
						TestTargetID = 423BE5AB2D63A0780029E193;
					};
					423BE5C72D63A07A0029E193 = {
						CreatedOnToolsVersion = 16.1;
						TestTargetID = 423BE5AB2D63A0780029E193;
					};
					42D793E22D66AABC00BF615F = {
						CreatedOnToolsVersion = 16.1;
					};
					42D793F12D66AABD00BF615F = {
						CreatedOnToolsVersion = 16.1;
						TestTargetID = 42D793E22D66AABC00BF615F;
					};
					42D793FB2D66AABD00BF615F = {
						CreatedOnToolsVersion = 16.1;
						TestTargetID = 42D793E22D66AABC00BF615F;
					};
				};
			};
			buildConfigurationList = 423BE5A72D63A0780029E193 /* Build configuration list for PBXProject "Renfrewshire Bin Schedule" */;
			developmentRegion = en;
			hasScannedForEncodings = 0;
			knownRegions = (
				en,
				Base,
			);
			mainGroup = 423BE5A32D63A0780029E193;
			minimizedProjectReferenceProxies = 1;
			packageReferences = (
				42A3ADE42D68F4A900F4B35D /* XCRemoteSwiftPackageReference "firebase-ios-sdk" */,
			);
			preferredProjectObjectVersion = 77;
			productRefGroup = 423BE5AD2D63A0780029E193 /* Products */;
			projectDirPath = "";
			projectRoot = "";
			targets = (
				423BE5AB2D63A0780029E193 /* Renfrewshire Bin Schedule */,
				423BE5BD2D63A07A0029E193 /* Renfrewshire Bin ScheduleTests */,
				423BE5C72D63A07A0029E193 /* Renfrewshire Bin ScheduleUITests */,
				42D793E22D66AABC00BF615F /* Renfrewshire Bin Schedule on a wrist Watch App */,
				42D793F12D66AABD00BF615F /* Renfrewshire Bin Schedule on a wrist Watch AppTests */,
				42D793FB2D66AABD00BF615F /* Renfrewshire Bin Schedule on a wrist Watch AppUITests */,
			);
		};
/* End PBXProject section */

/* Begin PBXResourcesBuildPhase section */
		423BE5AA2D63A0780029E193 /* Resources */ = {
			isa = PBXResourcesBuildPhase;
			buildActionMask = 2147483647;
			files = (
				42A3ADDE2D68F38100F4B35D /* GoogleService-Info.plist in Resources */,
			);
			runOnlyForDeploymentPostprocessing = 0;
		};
		423BE5BC2D63A07A0029E193 /* Resources */ = {
			isa = PBXResourcesBuildPhase;
			buildActionMask = 2147483647;
			files = (
				42A3ADDF2D68F3C300F4B35D /* GoogleService-Info.plist in Resources */,
			);
			runOnlyForDeploymentPostprocessing = 0;
		};
		423BE5C62D63A07A0029E193 /* Resources */ = {
			isa = PBXResourcesBuildPhase;
			buildActionMask = 2147483647;
			files = (
				42A3ADE02D68F3C300F4B35D /* GoogleService-Info.plist in Resources */,
			);
			runOnlyForDeploymentPostprocessing = 0;
		};
		42D793E12D66AABC00BF615F /* Resources */ = {
			isa = PBXResourcesBuildPhase;
			buildActionMask = 2147483647;
			files = (
				42A3ADE12D68F3C300F4B35D /* GoogleService-Info.plist in Resources */,
			);
			runOnlyForDeploymentPostprocessing = 0;
		};
		42D793F02D66AABD00BF615F /* Resources */ = {
			isa = PBXResourcesBuildPhase;
			buildActionMask = 2147483647;
			files = (
				42A3ADE22D68F3C300F4B35D /* GoogleService-Info.plist in Resources */,
			);
			runOnlyForDeploymentPostprocessing = 0;
		};
		42D793FA2D66AABD00BF615F /* Resources */ = {
			isa = PBXResourcesBuildPhase;
			buildActionMask = 2147483647;
			files = (
				42A3ADE32D68F3C300F4B35D /* GoogleService-Info.plist in Resources */,
			);
			runOnlyForDeploymentPostprocessing = 0;
		};
/* End PBXResourcesBuildPhase section */

/* Begin PBXSourcesBuildPhase section */
		423BE5A82D63A0780029E193 /* Sources */ = {
			isa = PBXSourcesBuildPhase;
			buildActionMask = 2147483647;
			files = (
			);
			runOnlyForDeploymentPostprocessing = 0;
		};
		423BE5BA2D63A07A0029E193 /* Sources */ = {
			isa = PBXSourcesBuildPhase;
			buildActionMask = 2147483647;
			files = (
			);
			runOnlyForDeploymentPostprocessing = 0;
		};
		423BE5C42D63A07A0029E193 /* Sources */ = {
			isa = PBXSourcesBuildPhase;
			buildActionMask = 2147483647;
			files = (
			);
			runOnlyForDeploymentPostprocessing = 0;
		};
		42D793DF2D66AABC00BF615F /* Sources */ = {
			isa = PBXSourcesBuildPhase;
			buildActionMask = 2147483647;
			files = (
			);
			runOnlyForDeploymentPostprocessing = 0;
		};
		42D793EE2D66AABD00BF615F /* Sources */ = {
			isa = PBXSourcesBuildPhase;
			buildActionMask = 2147483647;
			files = (
			);
			runOnlyForDeploymentPostprocessing = 0;
		};
		42D793F82D66AABD00BF615F /* Sources */ = {
			isa = PBXSourcesBuildPhase;
			buildActionMask = 2147483647;
			files = (
			);
			runOnlyForDeploymentPostprocessing = 0;
		};
/* End PBXSourcesBuildPhase section */

/* Begin PBXTargetDependency section */
		423BE5C02D63A07A0029E193 /* PBXTargetDependency */ = {
			isa = PBXTargetDependency;
			target = 423BE5AB2D63A0780029E193 /* Renfrewshire Bin Schedule */;
			targetProxy = 423BE5BF2D63A07A0029E193 /* PBXContainerItemProxy */;
		};
		423BE5CA2D63A07A0029E193 /* PBXTargetDependency */ = {
			isa = PBXTargetDependency;
			target = 423BE5AB2D63A0780029E193 /* Renfrewshire Bin Schedule */;
			targetProxy = 423BE5C92D63A07A0029E193 /* PBXContainerItemProxy */;
		};
		42D793F42D66AABD00BF615F /* PBXTargetDependency */ = {
			isa = PBXTargetDependency;
			target = 42D793E22D66AABC00BF615F /* Renfrewshire Bin Schedule on a wrist Watch App */;
			targetProxy = 42D793F32D66AABD00BF615F /* PBXContainerItemProxy */;
		};
		42D793FE2D66AABD00BF615F /* PBXTargetDependency */ = {
			isa = PBXTargetDependency;
			target = 42D793E22D66AABC00BF615F /* Renfrewshire Bin Schedule on a wrist Watch App */;
			targetProxy = 42D793FD2D66AABD00BF615F /* PBXContainerItemProxy */;
		};
		42D794052D66AABD00BF615F /* PBXTargetDependency */ = {
			isa = PBXTargetDependency;
			target = 42D793E22D66AABC00BF615F /* Renfrewshire Bin Schedule on a wrist Watch App */;
			targetProxy = 42D794042D66AABD00BF615F /* PBXContainerItemProxy */;
		};
/* End PBXTargetDependency section */

/* Begin XCBuildConfiguration section */
		423BE5D02D63A07A0029E193 /* Debug */ = {
			isa = XCBuildConfiguration;
			buildSettings = {
				ALWAYS_SEARCH_USER_PATHS = NO;
				ASSETCATALOG_COMPILER_GENERATE_SWIFT_ASSET_SYMBOL_EXTENSIONS = YES;
				CLANG_ANALYZER_NONNULL = YES;
				CLANG_ANALYZER_NUMBER_OBJECT_CONVERSION = YES_AGGRESSIVE;
				CLANG_CXX_LANGUAGE_STANDARD = "gnu++20";
				CLANG_ENABLE_MODULES = YES;
				CLANG_ENABLE_OBJC_ARC = YES;
				CLANG_ENABLE_OBJC_WEAK = YES;
				CLANG_WARN_BLOCK_CAPTURE_AUTORELEASING = YES;
				CLANG_WARN_BOOL_CONVERSION = YES;
				CLANG_WARN_COMMA = YES;
				CLANG_WARN_CONSTANT_CONVERSION = YES;
				CLANG_WARN_DEPRECATED_OBJC_IMPLEMENTATIONS = YES;
				CLANG_WARN_DIRECT_OBJC_ISA_USAGE = YES_ERROR;
				CLANG_WARN_DOCUMENTATION_COMMENTS = YES;
				CLANG_WARN_EMPTY_BODY = YES;
				CLANG_WARN_ENUM_CONVERSION = YES;
				CLANG_WARN_INFINITE_RECURSION = YES;
				CLANG_WARN_INT_CONVERSION = YES;
				CLANG_WARN_NON_LITERAL_NULL_CONVERSION = YES;
				CLANG_WARN_OBJC_IMPLICIT_RETAIN_SELF = YES;
				CLANG_WARN_OBJC_LITERAL_CONVERSION = YES;
				CLANG_WARN_OBJC_ROOT_CLASS = YES_ERROR;
				CLANG_WARN_QUOTED_INCLUDE_IN_FRAMEWORK_HEADER = YES;
				CLANG_WARN_RANGE_LOOP_ANALYSIS = YES;
				CLANG_WARN_STRICT_PROTOTYPES = YES;
				CLANG_WARN_SUSPICIOUS_MOVE = YES;
				CLANG_WARN_UNGUARDED_AVAILABILITY = YES_AGGRESSIVE;
				CLANG_WARN_UNREACHABLE_CODE = YES;
				CLANG_WARN__DUPLICATE_METHOD_MATCH = YES;
				COPY_PHASE_STRIP = NO;
				DEBUG_INFORMATION_FORMAT = "dwarf-with-dsym";
				ENABLE_STRICT_OBJC_MSGSEND = YES;
				ENABLE_TESTABILITY = YES;
				ENABLE_USER_SCRIPT_SANDBOXING = YES;
				GCC_C_LANGUAGE_STANDARD = gnu17;
				GCC_DYNAMIC_NO_PIC = NO;
				GCC_NO_COMMON_BLOCKS = YES;
				GCC_OPTIMIZATION_LEVEL = 0;
				GCC_PREPROCESSOR_DEFINITIONS = (
					"DEBUG=1",
					"$(inherited)",
				);
				GCC_WARN_64_TO_32_BIT_CONVERSION = YES;
				GCC_WARN_ABOUT_RETURN_TYPE = YES_ERROR;
				GCC_WARN_UNDECLARED_SELECTOR = YES;
				GCC_WARN_UNINITIALIZED_AUTOS = YES_AGGRESSIVE;
				GCC_WARN_UNUSED_FUNCTION = YES;
				GCC_WARN_UNUSED_VARIABLE = YES;
				IPHONEOS_DEPLOYMENT_TARGET = 18.1;
				LOCALIZATION_PREFERS_STRING_CATALOGS = YES;
				MTL_ENABLE_DEBUG_INFO = INCLUDE_SOURCE;
				MTL_FAST_MATH = YES;
				ONLY_ACTIVE_ARCH = YES;
				SDKROOT = iphoneos;
				SWIFT_ACTIVE_COMPILATION_CONDITIONS = "DEBUG $(inherited)";
				SWIFT_OPTIMIZATION_LEVEL = "-Onone";
			};
			name = Debug;
		};
		423BE5D12D63A07A0029E193 /* Release */ = {
			isa = XCBuildConfiguration;
			buildSettings = {
				ALWAYS_SEARCH_USER_PATHS = NO;
				ASSETCATALOG_COMPILER_GENERATE_SWIFT_ASSET_SYMBOL_EXTENSIONS = YES;
				CLANG_ANALYZER_NONNULL = YES;
				CLANG_ANALYZER_NUMBER_OBJECT_CONVERSION = YES_AGGRESSIVE;
				CLANG_CXX_LANGUAGE_STANDARD = "gnu++20";
				CLANG_ENABLE_MODULES = YES;
				CLANG_ENABLE_OBJC_ARC = YES;
				CLANG_ENABLE_OBJC_WEAK = YES;
				CLANG_WARN_BLOCK_CAPTURE_AUTORELEASING = YES;
				CLANG_WARN_BOOL_CONVERSION = YES;
				CLANG_WARN_COMMA = YES;
				CLANG_WARN_CONSTANT_CONVERSION = YES;
				CLANG_WARN_DEPRECATED_OBJC_IMPLEMENTATIONS = YES;
				CLANG_WARN_DIRECT_OBJC_ISA_USAGE = YES_ERROR;
				CLANG_WARN_DOCUMENTATION_COMMENTS = YES;
				CLANG_WARN_EMPTY_BODY = YES;
				CLANG_WARN_ENUM_CONVERSION = YES;
				CLANG_WARN_INFINITE_RECURSION = YES;
				CLANG_WARN_INT_CONVERSION = YES;
				CLANG_WARN_NON_LITERAL_NULL_CONVERSION = YES;
				CLANG_WARN_OBJC_IMPLICIT_RETAIN_SELF = YES;
				CLANG_WARN_OBJC_LITERAL_CONVERSION = YES;
				CLANG_WARN_OBJC_ROOT_CLASS = YES_ERROR;
				CLANG_WARN_QUOTED_INCLUDE_IN_FRAMEWORK_HEADER = YES;
				CLANG_WARN_RANGE_LOOP_ANALYSIS = YES;
				CLANG_WARN_STRICT_PROTOTYPES = YES;
				CLANG_WARN_SUSPICIOUS_MOVE = YES;
				CLANG_WARN_UNGUARDED_AVAILABILITY = YES_AGGRESSIVE;
				CLANG_WARN_UNREACHABLE_CODE = YES;
				CLANG_WARN__DUPLICATE_METHOD_MATCH = YES;
				COPY_PHASE_STRIP = NO;
				DEBUG_INFORMATION_FORMAT = "dwarf-with-dsym";
				ENABLE_NS_ASSERTIONS = NO;
				ENABLE_STRICT_OBJC_MSGSEND = YES;
				ENABLE_USER_SCRIPT_SANDBOXING = YES;
				GCC_C_LANGUAGE_STANDARD = gnu17;
				GCC_NO_COMMON_BLOCKS = YES;
				GCC_WARN_64_TO_32_BIT_CONVERSION = YES;
				GCC_WARN_ABOUT_RETURN_TYPE = YES_ERROR;
				GCC_WARN_UNDECLARED_SELECTOR = YES;
				GCC_WARN_UNINITIALIZED_AUTOS = YES_AGGRESSIVE;
				GCC_WARN_UNUSED_FUNCTION = YES;
				GCC_WARN_UNUSED_VARIABLE = YES;
				IPHONEOS_DEPLOYMENT_TARGET = 18.1;
				LOCALIZATION_PREFERS_STRING_CATALOGS = YES;
				MTL_ENABLE_DEBUG_INFO = NO;
				MTL_FAST_MATH = YES;
				"OTHER_LDFLAGS[arch=*]" = "-ObjC";
				SDKROOT = iphoneos;
				SWIFT_COMPILATION_MODE = wholemodule;
				VALIDATE_PRODUCT = YES;
			};
			name = Release;
		};
		423BE5D32D63A07A0029E193 /* Debug */ = {
			isa = XCBuildConfiguration;
			buildSettings = {
				ASSETCATALOG_COMPILER_APPICON_NAME = AppIcon;
				ASSETCATALOG_COMPILER_GLOBAL_ACCENT_COLOR_NAME = AccentColor;
				ASSETCATALOG_COMPILER_INCLUDE_ALL_APPICON_ASSETS = NO;
				CODE_SIGN_ENTITLEMENTS = "Renfrewshire Bin Schedule/Renfrewshire Bin Schedule.entitlements";
				CODE_SIGN_IDENTITY = "Apple Development";
				CODE_SIGN_STYLE = Automatic;
				CURRENT_PROJECT_VERSION = 1;
				DEVELOPMENT_ASSET_PATHS = "\"Renfrewshire Bin Schedule/Preview Content\"";
				DEVELOPMENT_TEAM = 273S9AT9T6;
				ENABLE_PREVIEWS = YES;
				GENERATE_INFOPLIST_FILE = YES;
				INFOPLIST_FILE = "Renfrewshire-Bin-Schedule-Info.plist";
				INFOPLIST_KEY_CFBundleDisplayName = "Renfrewshire Bin Schedule - bins.ren";
				INFOPLIST_KEY_LSApplicationCategoryType = "public.app-category.utilities";
				INFOPLIST_KEY_UIApplicationSceneManifest_Generation = YES;
				INFOPLIST_KEY_UIApplicationSupportsIndirectInputEvents = YES;
				INFOPLIST_KEY_UILaunchScreen_Generation = YES;
				INFOPLIST_KEY_UIStatusBarStyle = "";
				INFOPLIST_KEY_UISupportedInterfaceOrientations_iPad = "UIInterfaceOrientationPortrait UIInterfaceOrientationPortraitUpsideDown UIInterfaceOrientationLandscapeLeft UIInterfaceOrientationLandscapeRight";
				INFOPLIST_KEY_UISupportedInterfaceOrientations_iPhone = "UIInterfaceOrientationPortrait UIInterfaceOrientationLandscapeLeft UIInterfaceOrientationLandscapeRight";
				IPHONEOS_DEPLOYMENT_TARGET = 17.0;
				LD_RUNPATH_SEARCH_PATHS = (
					"$(inherited)",
					"@executable_path/Frameworks",
				);
				MARKETING_VERSION = 2.2;
				PRODUCT_BUNDLE_IDENTIFIER = "Bins.Ren.Renfrewshire-Bin-Schedule";
				PRODUCT_NAME = "$(TARGET_NAME)";
				PROVISIONING_PROFILE_SPECIFIER = "";
				SWIFT_EMIT_LOC_STRINGS = YES;
				SWIFT_VERSION = 5.0;
				TARGETED_DEVICE_FAMILY = "1,2";
			};
			name = Debug;
		};
		423BE5D42D63A07A0029E193 /* Release */ = {
			isa = XCBuildConfiguration;
			buildSettings = {
				ASSETCATALOG_COMPILER_APPICON_NAME = AppIcon;
				ASSETCATALOG_COMPILER_GLOBAL_ACCENT_COLOR_NAME = AccentColor;
				ASSETCATALOG_COMPILER_INCLUDE_ALL_APPICON_ASSETS = NO;
				CODE_SIGN_ENTITLEMENTS = "Renfrewshire Bin Schedule/Renfrewshire Bin Schedule.entitlements";
				CODE_SIGN_IDENTITY = "Apple Development";
				CODE_SIGN_STYLE = Automatic;
				CURRENT_PROJECT_VERSION = 1;
				DEVELOPMENT_ASSET_PATHS = "\"Renfrewshire Bin Schedule/Preview Content\"";
				DEVELOPMENT_TEAM = 273S9AT9T6;
				ENABLE_PREVIEWS = YES;
				GENERATE_INFOPLIST_FILE = YES;
				INFOPLIST_FILE = "Renfrewshire-Bin-Schedule-Info.plist";
				INFOPLIST_KEY_CFBundleDisplayName = "Renfrewshire Bin Schedule - bins.ren";
				INFOPLIST_KEY_LSApplicationCategoryType = "public.app-category.utilities";
				INFOPLIST_KEY_UIApplicationSceneManifest_Generation = YES;
				INFOPLIST_KEY_UIApplicationSupportsIndirectInputEvents = YES;
				INFOPLIST_KEY_UILaunchScreen_Generation = YES;
				INFOPLIST_KEY_UIStatusBarStyle = "";
				INFOPLIST_KEY_UISupportedInterfaceOrientations_iPad = "UIInterfaceOrientationPortrait UIInterfaceOrientationPortraitUpsideDown UIInterfaceOrientationLandscapeLeft UIInterfaceOrientationLandscapeRight";
				INFOPLIST_KEY_UISupportedInterfaceOrientations_iPhone = "UIInterfaceOrientationPortrait UIInterfaceOrientationLandscapeLeft UIInterfaceOrientationLandscapeRight";
				IPHONEOS_DEPLOYMENT_TARGET = 17.0;
				LD_RUNPATH_SEARCH_PATHS = (
					"$(inherited)",
					"@executable_path/Frameworks",
				);
				MARKETING_VERSION = 2.2;
				"OTHER_LDFLAGS[arch=*]" = "-ObjC";
				PRODUCT_BUNDLE_IDENTIFIER = "Bins.Ren.Renfrewshire-Bin-Schedule";
				PRODUCT_NAME = "$(TARGET_NAME)";
				PROVISIONING_PROFILE_SPECIFIER = "";
				SWIFT_EMIT_LOC_STRINGS = YES;
				SWIFT_VERSION = 5.0;
				TARGETED_DEVICE_FAMILY = "1,2";
			};
			name = Release;
		};
		423BE5D62D63A07A0029E193 /* Debug */ = {
			isa = XCBuildConfiguration;
			buildSettings = {
				BUNDLE_LOADER = "$(TEST_HOST)";
				CODE_SIGN_STYLE = Automatic;
				CURRENT_PROJECT_VERSION = 1;
				DEVELOPMENT_TEAM = 273S9AT9T6;
				GENERATE_INFOPLIST_FILE = YES;
				IPHONEOS_DEPLOYMENT_TARGET = 18.1;
				MARKETING_VERSION = 1.0;
				PRODUCT_BUNDLE_IDENTIFIER = "Bins.Ren.Renfrewshire-Bin-ScheduleTests";
				PRODUCT_NAME = "$(TARGET_NAME)";
				SWIFT_EMIT_LOC_STRINGS = NO;
				SWIFT_VERSION = 5.0;
				TARGETED_DEVICE_FAMILY = "1,2";
				TEST_HOST = "$(BUILT_PRODUCTS_DIR)/Renfrewshire Bin Schedule.app/$(BUNDLE_EXECUTABLE_FOLDER_PATH)/Renfrewshire Bin Schedule";
			};
			name = Debug;
		};
		423BE5D72D63A07A0029E193 /* Release */ = {
			isa = XCBuildConfiguration;
			buildSettings = {
				BUNDLE_LOADER = "$(TEST_HOST)";
				CODE_SIGN_STYLE = Automatic;
				CURRENT_PROJECT_VERSION = 1;
				DEVELOPMENT_TEAM = 273S9AT9T6;
				GENERATE_INFOPLIST_FILE = YES;
				IPHONEOS_DEPLOYMENT_TARGET = 18.1;
				MARKETING_VERSION = 1.0;
				PRODUCT_BUNDLE_IDENTIFIER = "Bins.Ren.Renfrewshire-Bin-ScheduleTests";
				PRODUCT_NAME = "$(TARGET_NAME)";
				SWIFT_EMIT_LOC_STRINGS = NO;
				SWIFT_VERSION = 5.0;
				TARGETED_DEVICE_FAMILY = "1,2";
				TEST_HOST = "$(BUILT_PRODUCTS_DIR)/Renfrewshire Bin Schedule.app/$(BUNDLE_EXECUTABLE_FOLDER_PATH)/Renfrewshire Bin Schedule";
			};
			name = Release;
		};
		423BE5D92D63A07A0029E193 /* Debug */ = {
			isa = XCBuildConfiguration;
			buildSettings = {
				CODE_SIGN_STYLE = Automatic;
				CURRENT_PROJECT_VERSION = 1;
				DEVELOPMENT_TEAM = 273S9AT9T6;
				GENERATE_INFOPLIST_FILE = YES;
				MARKETING_VERSION = 1.0;
				PRODUCT_BUNDLE_IDENTIFIER = "Bins.Ren.Renfrewshire-Bin-ScheduleUITests";
				PRODUCT_NAME = "$(TARGET_NAME)";
				SWIFT_EMIT_LOC_STRINGS = NO;
				SWIFT_VERSION = 5.0;
				TARGETED_DEVICE_FAMILY = "1,2";
				TEST_TARGET_NAME = "Renfrewshire Bin Schedule";
			};
			name = Debug;
		};
		423BE5DA2D63A07A0029E193 /* Release */ = {
			isa = XCBuildConfiguration;
			buildSettings = {
				CODE_SIGN_STYLE = Automatic;
				CURRENT_PROJECT_VERSION = 1;
				DEVELOPMENT_TEAM = 273S9AT9T6;
				GENERATE_INFOPLIST_FILE = YES;
				MARKETING_VERSION = 1.0;
				PRODUCT_BUNDLE_IDENTIFIER = "Bins.Ren.Renfrewshire-Bin-ScheduleUITests";
				PRODUCT_NAME = "$(TARGET_NAME)";
				SWIFT_EMIT_LOC_STRINGS = NO;
				SWIFT_VERSION = 5.0;
				TARGETED_DEVICE_FAMILY = "1,2";
				TEST_TARGET_NAME = "Renfrewshire Bin Schedule";
			};
			name = Release;
		};
		42D794082D66AABD00BF615F /* Debug */ = {
			isa = XCBuildConfiguration;
			buildSettings = {
				ASSETCATALOG_COMPILER_APPICON_NAME = AppIcon;
				ASSETCATALOG_COMPILER_GLOBAL_ACCENT_COLOR_NAME = AccentColor;
				ASSETCATALOG_COMPILER_INCLUDE_ALL_APPICON_ASSETS = NO;
				CODE_SIGN_STYLE = Automatic;
				CURRENT_PROJECT_VERSION = 1;
				DEVELOPMENT_ASSET_PATHS = "\"Renfrewshire Bin Schedule on a wrist Watch App/Preview Content\"";
				DEVELOPMENT_TEAM = 273S9AT9T6;
				ENABLE_PREVIEWS = YES;
				GENERATE_INFOPLIST_FILE = YES;
				INFOPLIST_FILE = "Renfrewshire-Bin-Schedule-on-a-wrist-Watch-App-Info.plist";
				INFOPLIST_KEY_CFBundleDisplayName = "Renfrewshire Bin Schedule on a wrist";
				INFOPLIST_KEY_UISupportedInterfaceOrientations = "UIInterfaceOrientationPortrait UIInterfaceOrientationPortraitUpsideDown";
				INFOPLIST_KEY_WKCompanionAppBundleIdentifier = "Bins.Ren.Renfrewshire-Bin-Schedule";
				LD_RUNPATH_SEARCH_PATHS = (
					"$(inherited)",
					"@executable_path/Frameworks",
				);
				MARKETING_VERSION = 2.2;
				PRODUCT_BUNDLE_IDENTIFIER = "Bins.Ren.Renfrewshire-Bin-Schedule.watchkitapp";
				PRODUCT_NAME = "$(TARGET_NAME)";
				SDKROOT = watchos;
				SKIP_INSTALL = YES;
				SWIFT_EMIT_LOC_STRINGS = YES;
				SWIFT_VERSION = 5.0;
				TARGETED_DEVICE_FAMILY = 4;
				WATCHOS_DEPLOYMENT_TARGET = 10.6;
			};
			name = Debug;
		};
		42D794092D66AABD00BF615F /* Release */ = {
			isa = XCBuildConfiguration;
			buildSettings = {
				ASSETCATALOG_COMPILER_APPICON_NAME = AppIcon;
				ASSETCATALOG_COMPILER_GLOBAL_ACCENT_COLOR_NAME = AccentColor;
				ASSETCATALOG_COMPILER_INCLUDE_ALL_APPICON_ASSETS = NO;
				CODE_SIGN_STYLE = Automatic;
				CURRENT_PROJECT_VERSION = 1;
				DEVELOPMENT_ASSET_PATHS = "\"Renfrewshire Bin Schedule on a wrist Watch App/Preview Content\"";
				DEVELOPMENT_TEAM = 273S9AT9T6;
				ENABLE_PREVIEWS = YES;
				GENERATE_INFOPLIST_FILE = YES;
				INFOPLIST_FILE = "Renfrewshire-Bin-Schedule-on-a-wrist-Watch-App-Info.plist";
				INFOPLIST_KEY_CFBundleDisplayName = "Renfrewshire Bin Schedule on a wrist";
				INFOPLIST_KEY_UISupportedInterfaceOrientations = "UIInterfaceOrientationPortrait UIInterfaceOrientationPortraitUpsideDown";
				INFOPLIST_KEY_WKCompanionAppBundleIdentifier = "Bins.Ren.Renfrewshire-Bin-Schedule";
				LD_RUNPATH_SEARCH_PATHS = (
					"$(inherited)",
					"@executable_path/Frameworks",
				);
				MARKETING_VERSION = 2.2;
				PRODUCT_BUNDLE_IDENTIFIER = "Bins.Ren.Renfrewshire-Bin-Schedule.watchkitapp";
				PRODUCT_NAME = "$(TARGET_NAME)";
				SDKROOT = watchos;
				SKIP_INSTALL = YES;
				SWIFT_EMIT_LOC_STRINGS = YES;
				SWIFT_VERSION = 5.0;
				TARGETED_DEVICE_FAMILY = 4;
				WATCHOS_DEPLOYMENT_TARGET = 10.6;
			};
			name = Release;
		};
		42D7940C2D66AABD00BF615F /* Debug */ = {
			isa = XCBuildConfiguration;
			buildSettings = {
				BUNDLE_LOADER = "$(TEST_HOST)";
				CODE_SIGN_STYLE = Automatic;
				CURRENT_PROJECT_VERSION = 1;
				DEVELOPMENT_TEAM = 273S9AT9T6;
				GENERATE_INFOPLIST_FILE = YES;
				MARKETING_VERSION = 1.0;
				PRODUCT_BUNDLE_IDENTIFIER = "Bins.Ren.Renfrewshire-Bin-Schedule-on-a-wrist-Watch-AppTests";
				PRODUCT_NAME = "$(TARGET_NAME)";
				SDKROOT = watchos;
				SWIFT_EMIT_LOC_STRINGS = NO;
				SWIFT_VERSION = 5.0;
				TARGETED_DEVICE_FAMILY = 4;
				TEST_HOST = "$(BUILT_PRODUCTS_DIR)/Renfrewshire Bin Schedule on a wrist Watch App.app/$(BUNDLE_EXECUTABLE_FOLDER_PATH)/Renfrewshire Bin Schedule on a wrist Watch App";
				WATCHOS_DEPLOYMENT_TARGET = 11.1;
			};
			name = Debug;
		};
		42D7940D2D66AABD00BF615F /* Release */ = {
			isa = XCBuildConfiguration;
			buildSettings = {
				BUNDLE_LOADER = "$(TEST_HOST)";
				CODE_SIGN_STYLE = Automatic;
				CURRENT_PROJECT_VERSION = 1;
				DEVELOPMENT_TEAM = 273S9AT9T6;
				GENERATE_INFOPLIST_FILE = YES;
				MARKETING_VERSION = 1.0;
				PRODUCT_BUNDLE_IDENTIFIER = "Bins.Ren.Renfrewshire-Bin-Schedule-on-a-wrist-Watch-AppTests";
				PRODUCT_NAME = "$(TARGET_NAME)";
				SDKROOT = watchos;
				SWIFT_EMIT_LOC_STRINGS = NO;
				SWIFT_VERSION = 5.0;
				TARGETED_DEVICE_FAMILY = 4;
				TEST_HOST = "$(BUILT_PRODUCTS_DIR)/Renfrewshire Bin Schedule on a wrist Watch App.app/$(BUNDLE_EXECUTABLE_FOLDER_PATH)/Renfrewshire Bin Schedule on a wrist Watch App";
				WATCHOS_DEPLOYMENT_TARGET = 11.1;
			};
			name = Release;
		};
		42D7940F2D66AABD00BF615F /* Debug */ = {
			isa = XCBuildConfiguration;
			buildSettings = {
				CODE_SIGN_STYLE = Automatic;
				CURRENT_PROJECT_VERSION = 1;
				DEVELOPMENT_TEAM = 273S9AT9T6;
				GENERATE_INFOPLIST_FILE = YES;
				MARKETING_VERSION = 1.0;
				PRODUCT_BUNDLE_IDENTIFIER = "Bins.Ren.Renfrewshire-Bin-Schedule-on-a-wrist-Watch-AppUITests";
				PRODUCT_NAME = "$(TARGET_NAME)";
				SDKROOT = watchos;
				SWIFT_EMIT_LOC_STRINGS = NO;
				SWIFT_VERSION = 5.0;
				TARGETED_DEVICE_FAMILY = 4;
				TEST_TARGET_NAME = "Renfrewshire Bin Schedule on a wrist Watch App";
				WATCHOS_DEPLOYMENT_TARGET = 11.1;
			};
			name = Debug;
		};
		42D794102D66AABD00BF615F /* Release */ = {
			isa = XCBuildConfiguration;
			buildSettings = {
				CODE_SIGN_STYLE = Automatic;
				CURRENT_PROJECT_VERSION = 1;
				DEVELOPMENT_TEAM = 273S9AT9T6;
				GENERATE_INFOPLIST_FILE = YES;
				MARKETING_VERSION = 1.0;
				PRODUCT_BUNDLE_IDENTIFIER = "Bins.Ren.Renfrewshire-Bin-Schedule-on-a-wrist-Watch-AppUITests";
				PRODUCT_NAME = "$(TARGET_NAME)";
				SDKROOT = watchos;
				SWIFT_EMIT_LOC_STRINGS = NO;
				SWIFT_VERSION = 5.0;
				TARGETED_DEVICE_FAMILY = 4;
				TEST_TARGET_NAME = "Renfrewshire Bin Schedule on a wrist Watch App";
				WATCHOS_DEPLOYMENT_TARGET = 11.1;
			};
			name = Release;
		};
/* End XCBuildConfiguration section */

/* Begin XCConfigurationList section */
		423BE5A72D63A0780029E193 /* Build configuration list for PBXProject "Renfrewshire Bin Schedule" */ = {
			isa = XCConfigurationList;
			buildConfigurations = (
				423BE5D02D63A07A0029E193 /* Debug */,
				423BE5D12D63A07A0029E193 /* Release */,
			);
			defaultConfigurationIsVisible = 0;
			defaultConfigurationName = Release;
		};
		423BE5D22D63A07A0029E193 /* Build configuration list for PBXNativeTarget "Renfrewshire Bin Schedule" */ = {
			isa = XCConfigurationList;
			buildConfigurations = (
				423BE5D32D63A07A0029E193 /* Debug */,
				423BE5D42D63A07A0029E193 /* Release */,
			);
			defaultConfigurationIsVisible = 0;
			defaultConfigurationName = Release;
		};
		423BE5D52D63A07A0029E193 /* Build configuration list for PBXNativeTarget "Renfrewshire Bin ScheduleTests" */ = {
			isa = XCConfigurationList;
			buildConfigurations = (
				423BE5D62D63A07A0029E193 /* Debug */,
				423BE5D72D63A07A0029E193 /* Release */,
			);
			defaultConfigurationIsVisible = 0;
			defaultConfigurationName = Release;
		};
		423BE5D82D63A07A0029E193 /* Build configuration list for PBXNativeTarget "Renfrewshire Bin ScheduleUITests" */ = {
			isa = XCConfigurationList;
			buildConfigurations = (
				423BE5D92D63A07A0029E193 /* Debug */,
				423BE5DA2D63A07A0029E193 /* Release */,
			);
			defaultConfigurationIsVisible = 0;
			defaultConfigurationName = Release;
		};
		42D794072D66AABD00BF615F /* Build configuration list for PBXNativeTarget "Renfrewshire Bin Schedule on a wrist Watch App" */ = {
			isa = XCConfigurationList;
			buildConfigurations = (
				42D794082D66AABD00BF615F /* Debug */,
				42D794092D66AABD00BF615F /* Release */,
			);
			defaultConfigurationIsVisible = 0;
			defaultConfigurationName = Release;
		};
		42D7940B2D66AABD00BF615F /* Build configuration list for PBXNativeTarget "Renfrewshire Bin Schedule on a wrist Watch AppTests" */ = {
			isa = XCConfigurationList;
			buildConfigurations = (
				42D7940C2D66AABD00BF615F /* Debug */,
				42D7940D2D66AABD00BF615F /* Release */,
			);
			defaultConfigurationIsVisible = 0;
			defaultConfigurationName = Release;
		};
		42D7940E2D66AABD00BF615F /* Build configuration list for PBXNativeTarget "Renfrewshire Bin Schedule on a wrist Watch AppUITests" */ = {
			isa = XCConfigurationList;
			buildConfigurations = (
				42D7940F2D66AABD00BF615F /* Debug */,
				42D794102D66AABD00BF615F /* Release */,
			);
			defaultConfigurationIsVisible = 0;
			defaultConfigurationName = Release;
		};
/* End XCConfigurationList section */

/* Begin XCRemoteSwiftPackageReference section */
		42A3ADE42D68F4A900F4B35D /* XCRemoteSwiftPackageReference "firebase-ios-sdk" */ = {
			isa = XCRemoteSwiftPackageReference;
			repositoryURL = "https://github.com/firebase/firebase-ios-sdk.git";
			requirement = {
				kind = upToNextMajorVersion;
				minimumVersion = 11.8.1;
			};
		};
/* End XCRemoteSwiftPackageReference section */

/* Begin XCSwiftPackageProductDependency section */
		42A3ADE52D68F4A900F4B35D /* FirebaseAnalytics */ = {
			isa = XCSwiftPackageProductDependency;
			package = 42A3ADE42D68F4A900F4B35D /* XCRemoteSwiftPackageReference "firebase-ios-sdk" */;
			productName = FirebaseAnalytics;
		};
/* End XCSwiftPackageProductDependency section */
	};
	rootObject = 423BE5A42D63A0780029E193 /* Project object */;
}
